
Microsoft Visual Studio Solution File, Format Version 12.00
# Visual Studio 15
VisualStudioVersion = 15.0.27004.2009
MinimumVisualStudioVersion = 10.0.40219.1
Project("{9A19103F-16F7-4668-BE54-9A1E7A4F7556}") = "ConsoleLibPhoneNumber", "ConsoleLibPhoneNumber\ConsoleLibPhoneNumber.csproj", "{6E62EC97-C519-49FE-B9E4-63406A080130}"
EndProject
Project("{FAE04EC0-301F-11D3-BF4B-00C04F79EFBC}") = "LibPhoneNumber", "LibPhoneNumber\LibPhoneNumber.csproj", "{F17CCBFF-DADA-4399-A761-1CE77FB1EF91}"
EndProject
Global
	GlobalSection(SolutionConfigurationPlatforms) = preSolution
		Debug|Any CPU = Debug|Any CPU
		Release|Any CPU = Release|Any CPU
	EndGlobalSection
	GlobalSection(ProjectConfigurationPlatforms) = postSolution
		{6E62EC97-C519-49FE-B9E4-63406A080130}.Debug|Any CPU.ActiveCfg = Debug|Any CPU
		{6E62EC97-C519-49FE-B9E4-63406A080130}.Debug|Any CPU.Build.0 = Debug|Any CPU
		{6E62EC97-C519-49FE-B9E4-63406A080130}.Release|Any CPU.ActiveCfg = Release|Any CPU
		{6E62EC97-C519-49FE-B9E4-63406A080130}.Release|Any CPU.Build.0 = Release|Any CPU
		{F17CCBFF-DADA-4399-A761-1CE77FB1EF91}.Debug|Any CPU.ActiveCfg = Debug|Any CPU
		{F17CCBFF-DADA-4399-A761-1CE77FB1EF91}.Debug|Any CPU.Build.0 = Debug|Any CPU
		{F17CCBFF-DADA-4399-A761-1CE77FB1EF91}.Release|Any CPU.ActiveCfg = Release|Any CPU
		{F17CCBFF-DADA-4399-A761-1CE77FB1EF91}.Release|Any CPU.Build.0 = Release|Any CPU
	EndGlobalSection
	GlobalSection(SolutionProperties) = preSolution
		HideSolutionNode = FALSE
	EndGlobalSection
	GlobalSection(ExtensibilityGlobals) = postSolution
		SolutionGuid = {D79DE395-2FA2-4797-8E07-C68240C8D112}
	EndGlobalSection
EndGlobal
